
Microsoft Visual Studio Solution File, Format Version 12.00
# Visual Studio Version 16
VisualStudioVersion = 16.0.31729.503
MinimumVisualStudioVersion = 10.0.40219.1
Project("{FAE04EC0-301F-11D3-BF4B-00C04F79EFBC}") = "ConsoleApp", "ConsoleApp\ConsoleApp.csproj", "{402A3FE5-1271-4407-976C-EA25CC7D348C}"
EndProject
Project("{FAE04EC0-301F-11D3-BF4B-00C04F79EFBC}") = "SimpleFunctions", "SimpleFunctions\SimpleFunctions.csproj", "{6F39AE3D-80A5-4AAE-BF19-A71144296300}"
EndProject
Global
	GlobalSection(SolutionConfigurationPlatforms) = preSolution
		Debug|Any CPU = Debug|Any CPU
		Release|Any CPU = Release|Any CPU
	EndGlobalSection
	GlobalSection(ProjectConfigurationPlatforms) = postSolution
		{402A3FE5-1271-4407-976C-EA25CC7D348C}.Debug|Any CPU.ActiveCfg = Debug|Any CPU
		{402A3FE5-1271-4407-976C-EA25CC7D348C}.Debug|Any CPU.Build.0 = Debug|Any CPU
		{402A3FE5-1271-4407-976C-EA25CC7D348C}.Release|Any CPU.ActiveCfg = Release|Any CPU
		{402A3FE5-1271-4407-976C-EA25CC7D348C}.Release|Any CPU.Build.0 = Release|Any CPU
		{6F39AE3D-80A5-4AAE-BF19-A71144296300}.Debug|Any CPU.ActiveCfg = Debug|Any CPU
		{6F39AE3D-80A5-4AAE-BF19-A71144296300}.Debug|Any CPU.Build.0 = Debug|Any CPU
		{6F39AE3D-80A5-4AAE-BF19-A71144296300}.Release|Any CPU.ActiveCfg = Release|Any CPU
		{6F39AE3D-80A5-4AAE-BF19-A71144296300}.Release|Any CPU.Build.0 = Release|Any CPU
	EndGlobalSection
	GlobalSection(SolutionProperties) = preSolution
		HideSolutionNode = FALSE
	EndGlobalSection
	GlobalSection(ExtensibilityGlobals) = postSolution
		SolutionGuid = {E5A58F72-00FA-45B8-92F7-8CEE064FFADC}
	EndGlobalSection
EndGlobal
